
Microsoft Visual Studio Solution File, Format Version 12.00
# Visual Studio Version 16
VisualStudioVersion = 16.0.29318.209
MinimumVisualStudioVersion = 10.0.40219.1
Project("{9A19103F-16F7-4668-BE54-9A1E7A4F7556}") = "Coderingen", "Coderingen\Coderingen.csproj", "{FEBD06C9-A50A-4F10-B9C1-08E87C10073C}"
EndProject
Project("{FAE04EC0-301F-11D3-BF4B-00C04F79EFBC}") = "CodeerZin", "CodeerZin\CodeerZin.csproj", "{08E707E4-BAD8-4D94-AF8D-F1A92D721230}"
EndProject
Project("{FAE04EC0-301F-11D3-BF4B-00C04F79EFBC}") = "CodeerBestand", "CodeerBestand\CodeerBestand.csproj", "{E5D6CDCF-8086-4C61-B9ED-A3B25676817B}"
EndProject
Global
	GlobalSection(SolutionConfigurationPlatforms) = preSolution
		Debug|Any CPU = Debug|Any CPU
		Release|Any CPU = Release|Any CPU
	EndGlobalSection
	GlobalSection(ProjectConfigurationPlatforms) = postSolution
		{FEBD06C9-A50A-4F10-B9C1-08E87C10073C}.Debug|Any CPU.ActiveCfg = Debug|Any CPU
		{FEBD06C9-A50A-4F10-B9C1-08E87C10073C}.Debug|Any CPU.Build.0 = Debug|Any CPU
		{FEBD06C9-A50A-4F10-B9C1-08E87C10073C}.Release|Any CPU.ActiveCfg = Release|Any CPU
		{FEBD06C9-A50A-4F10-B9C1-08E87C10073C}.Release|Any CPU.Build.0 = Release|Any CPU
		{08E707E4-BAD8-4D94-AF8D-F1A92D721230}.Debug|Any CPU.ActiveCfg = Debug|Any CPU
		{08E707E4-BAD8-4D94-AF8D-F1A92D721230}.Debug|Any CPU.Build.0 = Debug|Any CPU
		{08E707E4-BAD8-4D94-AF8D-F1A92D721230}.Release|Any CPU.ActiveCfg = Release|Any CPU
		{08E707E4-BAD8-4D94-AF8D-F1A92D721230}.Release|Any CPU.Build.0 = Release|Any CPU
		{E5D6CDCF-8086-4C61-B9ED-A3B25676817B}.Debug|Any CPU.ActiveCfg = Debug|Any CPU
		{E5D6CDCF-8086-4C61-B9ED-A3B25676817B}.Debug|Any CPU.Build.0 = Debug|Any CPU
		{E5D6CDCF-8086-4C61-B9ED-A3B25676817B}.Release|Any CPU.ActiveCfg = Release|Any CPU
		{E5D6CDCF-8086-4C61-B9ED-A3B25676817B}.Release|Any CPU.Build.0 = Release|Any CPU
	EndGlobalSection
	GlobalSection(SolutionProperties) = preSolution
		HideSolutionNode = FALSE
	EndGlobalSection
	GlobalSection(ExtensibilityGlobals) = postSolution
		SolutionGuid = {56C904BD-A02F-456A-81B9-51A8ADEA778E}
	EndGlobalSection
EndGlobal
